
Microsoft Visual Studio Solution File, Format Version 12.00
# Visual Studio Version 17
VisualStudioVersion = 17.12.35521.163
MinimumVisualStudioVersion = 10.0.40219.1
Project("{FAE04EC0-301F-11D3-BF4B-00C04F79EFBC}") = "Areti Vitae", "Areti Vitae.csproj", "{E8737769-8F0D-40FD-BF6C-363915314006}"
EndProject
Global
	GlobalSection(SolutionConfigurationPlatforms) = preSolution
		Debug|Any CPU = Debug|Any CPU
		Release|Any CPU = Release|Any CPU
	EndGlobalSection
	GlobalSection(ProjectConfigurationPlatforms) = postSolution
		{E8737769-8F0D-40FD-BF6C-363915314006}.Debug|Any CPU.ActiveCfg = Debug|Any CPU
		{E8737769-8F0D-40FD-BF6C-363915314006}.Debug|Any CPU.Build.0 = Debug|Any CPU
		{E8737769-8F0D-40FD-BF6C-363915314006}.Release|Any CPU.ActiveCfg = Release|Any CPU
		{E8737769-8F0D-40FD-BF6C-363915314006}.Release|Any CPU.Build.0 = Release|Any CPU
	EndGlobalSection
	GlobalSection(SolutionProperties) = preSolution
		HideSolutionNode = FALSE
	EndGlobalSection
	GlobalSection(ExtensibilityGlobals) = postSolution
		SolutionGuid = {56DC323A-81D9-41B4-BBE4-404F9020D529}
	EndGlobalSection
EndGlobal
